// !$*UTF8*$!
{
	archiveVersion = 1;
	classes = {
	};
	objectVersion = 46;
	objects = {

/* Begin PBXBuildFile section */
		E91BD1611793118D00528812 /* UIKit.framework in Frameworks */ = {isa = PBXBuildFile; fileRef = E91BD1601793118D00528812 /* UIKit.framework */; };
		E91BD1631793118D00528812 /* Foundation.framework in Frameworks */ = {isa = PBXBuildFile; fileRef = E91BD1621793118D00528812 /* Foundation.framework */; };
		E91BD1651793118D00528812 /* CoreGraphics.framework in Frameworks */ = {isa = PBXBuildFile; fileRef = E91BD1641793118D00528812 /* CoreGraphics.framework */; };
		E91BD16B1793118D00528812 /* InfoPlist.strings in Resources */ = {isa = PBXBuildFile; fileRef = E91BD1691793118D00528812 /* InfoPlist.strings */; };
		E91BD16D1793118D00528812 /* main.m in Sources */ = {isa = PBXBuildFile; fileRef = E91BD16C1793118D00528812 /* main.m */; };
		E91BD1711793118D00528812 /* AppDelegate.m in Sources */ = {isa = PBXBuildFile; fileRef = E91BD1701793118D00528812 /* AppDelegate.m */; };
		E91BD1731793118D00528812 /* Default.png in Resources */ = {isa = PBXBuildFile; fileRef = E91BD1721793118D00528812 /* Default.png */; };
		E91BD1751793118D00528812 /* Default@2x.png in Resources */ = {isa = PBXBuildFile; fileRef = E91BD1741793118D00528812 /* Default@2x.png */; };
		E91BD1771793118D00528812 /* Default-568h@2x.png in Resources */ = {isa = PBXBuildFile; fileRef = E91BD1761793118D00528812 /* Default-568h@2x.png */; };
/* End PBXBuildFile section */

/* Begin PBXFileReference section */
		E91BD15D1793118D00528812 /* Sample1.app */ = {isa = PBXFileReference; explicitFileType = wrapper.application; includeInIndex = 0; path = Sample1.app; sourceTree = BUILT_PRODUCTS_DIR; };
		E91BD1601793118D00528812 /* UIKit.framework */ = {isa = PBXFileReference; lastKnownFileType = wrapper.framework; name = UIKit.framework; path = System/Library/Frameworks/UIKit.framework; sourceTree = SDKROOT; };
		E91BD1621793118D00528812 /* Foundation.framework */ = {isa = PBXFileReference; lastKnownFileType = wrapper.framework; name = Foundation.framework; path = System/Library/Frameworks/Foundation.framework; sourceTree = SDKROOT; };
		E91BD1641793118D00528812 /* CoreGraphics.framework */ = {isa = PBXFileReference; lastKnownFileType = wrapper.framework; name = CoreGraphics.framework; path = System/Library/Frameworks/CoreGraphics.framework; sourceTree = SDKROOT; };
		E91BD1681793118D00528812 /* Sample1-Info.plist */ = {isa = PBXFileReference; lastKnownFileType = text.plist.xml; path = "Sample1-Info.plist"; sourceTree = "<group>"; };
		E91BD16A1793118D00528812 /* en */ = {isa = PBXFileReference; lastKnownFileType = text.plist.strings; name = en; path = en.lproj/InfoPlist.strings; sourceTree = "<group>"; };
		E91BD16C1793118D00528812 /* main.m */ = {isa = PBXFileReference; lastKnownFileType = sourcecode.c.objc; path = main.m; sourceTree = "<group>"; };
		E91BD16E1793118D00528812 /* Sample1-Prefix.pch */ = {isa = PBXFileReference; lastKnownFileType = sourcecode.c.h; path = "Sample1-Prefix.pch"; sourceTree = "<group>"; };
		E91BD16F1793118D00528812 /* AppDelegate.h */ = {isa = PBXFileReference; lastKnownFileType = sourcecode.c.h; path = AppDelegate.h; sourceTree = "<group>"; };
		E91BD1701793118D00528812 /* AppDelegate.m */ = {isa = PBXFileReference; lastKnownFileType = sourcecode.c.objc; path = AppDelegate.m; sourceTree = "<group>"; };
		E91BD1721793118D00528812 /* Default.png */ = {isa = PBXFileReference; lastKnownFileType = image.png; path = Default.png; sourceTree = "<group>"; };
		E91BD1741793118D00528812 /* Default@2x.png */ = {isa = PBXFileReference; lastKnownFileType = image.png; path = "Default@2x.png"; sourceTree = "<group>"; };
		E91BD1761793118D00528812 /* Default-568h@2x.png */ = {isa = PBXFileReference; lastKnownFileType = image.png; path = "Default-568h@2x.png"; sourceTree = "<group>"; };
/* End PBXFileReference section */

/* Begin PBXFrameworksBuildPhase section */
		E91BD15A1793118D00528812 /* Frameworks */ = {
			isa = PBXFrameworksBuildPhase;
			buildActionMask = 2147483647;
			files = (
				E91BD1611793118D00528812 /* UIKit.framework in Frameworks */,
				E91BD1631793118D00528812 /* Foundation.framework in Frameworks */,
				E91BD1651793118D00528812 /* CoreGraphics.framework in Frameworks */,
			);
			runOnlyForDeploymentPostprocessing = 0;
		};
/* End PBXFrameworksBuildPhase section */

/* Begin PBXGroup section */
		E91BD1541793118D00528812 = {
			isa = PBXGroup;
			children = (
				E91BD1661793118D00528812 /* Sample1 */,
				E91BD15F1793118D00528812 /* Frameworks */,
				E91BD15E1793118D00528812 /* Products */,
			);
			sourceTree = "<group>";
		};
		E91BD15E1793118D00528812 /* Products */ = {
			isa = PBXGroup;
			children = (
				E91BD15D1793118D00528812 /* Sample1.app */,
			);
			name = Products;
			sourceTree = "<group>";
		};
		E91BD15F1793118D00528812 /* Frameworks */ = {
			isa = PBXGroup;
			children = (
				E91BD1601793118D00528812 /* UIKit.framework */,
				E91BD1621793118D00528812 /* Foundation.framework */,
				E91BD1641793118D00528812 /* CoreGraphics.framework */,
			);
			name = Frameworks;
			sourceTree = "<group>";
		};
		E91BD1661793118D00528812 /* Sample1 */ = {
			isa = PBXGroup;
			children = (
				E91BD16F1793118D00528812 /* AppDelegate.h */,
				E91BD1701793118D00528812 /* AppDelegate.m */,
				E91BD1671793118D00528812 /* Supporting Files */,
			);
			path = Sample1;
			sourceTree = "<group>";
		};
		E91BD1671793118D00528812 /* Supporting Files */ = {
			isa = PBXGroup;
			children = (
				E91BD1681793118D00528812 /* Sample1-Info.plist */,
				E91BD1691793118D00528812 /* InfoPlist.strings */,
				E91BD16C1793118D00528812 /* main.m */,
				E91BD16E1793118D00528812 /* Sample1-Prefix.pch */,
				E91BD1721793118D00528812 /* Default.png */,
				E91BD1741793118D00528812 /* Default@2x.png */,
				E91BD1761793118D00528812 /* Default-568h@2x.png */,
			);
			name = "Supporting Files";
			sourceTree = "<group>";
		};
/* End PBXGroup section */

/* Begin PBXNativeTarget section */
		E91BD15C1793118D00528812 /* Sample1 */ = {
			isa = PBXNativeTarget;
			buildConfigurationList = E91BD17A1793118D00528812 /* Build configuration list for PBXNativeTarget "Sample1" */;
			buildPhases = (
				E91BD1591793118D00528812 /* Sources */,
				E91BD15A1793118D00528812 /* Frameworks */,
				E91BD15B1793118D00528812 /* Resources */,
			);
			buildRules = (
			);
			dependencies = (
			);
			name = Sample1;
			productName = Sample1;
			productReference = E91BD15D1793118D00528812 /* Sample1.app */;
			productType = "com.apple.product-type.application";
		};
/* End PBXNativeTarget section */

/* Begin PBXProject section */
		E91BD1551793118D00528812 /* Project object */ = {
			isa = PBXProject;
			attributes = {
				LastUpgradeCheck = 0460;
				ORGANIZATIONNAME = "Hiroki Yoshifuji";
			};
			buildConfigurationList = E91BD1581793118D00528812 /* Build configuration list for PBXProject "Sample1" */;
			compatibilityVersion = "Xcode 3.2";
			developmentRegion = English;
			hasScannedForEncodings = 0;
			knownRegions = (
				en,
			);
			mainGroup = E91BD1541793118D00528812;
			productRefGroup = E91BD15E1793118D00528812 /* Products */;
			projectDirPath = "";
			projectRoot = "";
			targets = (
				E91BD15C1793118D00528812 /* Sample1 */,
			);
		};
/* End PBXProject section */

/* Begin PBXResourcesBuildPhase section */
		E91BD15B1793118D00528812 /* Resources */ = {
			isa = PBXResourcesBuildPhase;
			buildActionMask = 2147483647;
			files = (
				E91BD16B1793118D00528812 /* InfoPlist.strings in Resources */,
				E91BD1731793118D00528812 /* Default.png in Resources */,
				E91BD1751793118D00528812 /* Default@2x.png in Resources */,
				E91BD1771793118D00528812 /* Default-568h@2x.png in Resources */,
			);
			runOnlyForDeploymentPostprocessing = 0;
		};
/* End PBXResourcesBuildPhase section */

/* Begin PBXSourcesBuildPhase section */
		E91BD1591793118D00528812 /* Sources */ = {
			isa = PBXSourcesBuildPhase;
			buildActionMask = 2147483647;
			files = (
				E91BD16D1793118D00528812 /* main.m in Sources */,
				E91BD1711793118D00528812 /* AppDelegate.m in Sources */,
			);
			runOnlyForDeploymentPostprocessing = 0;
		};
/* End PBXSourcesBuildPhase section */

/* Begin PBXVariantGroup section */
		E91BD1691793118D00528812 /* InfoPlist.strings */ = {
			isa = PBXVariantGroup;
			children = (
				E91BD16A1793118D00528812 /* en */,
			);
			name = InfoPlist.strings;
			sourceTree = "<group>";
		};
/* End PBXVariantGroup section */

/* Begin XCBuildConfiguration section */
		E91BD1781793118D00528812 /* Debug */ = {
			isa = XCBuildConfiguration;
			buildSettings = {
				ALWAYS_SEARCH_USER_PATHS = NO;
				CLANG_CXX_LANGUAGE_STANDARD = "gnu++0x";
				CLANG_CXX_LIBRARY = "libc++";
				CLANG_ENABLE_OBJC_ARC = YES;
				CLANG_WARN_CONSTANT_CONVERSION = YES;
				CLANG_WARN_EMPTY_BODY = YES;
				CLANG_WARN_ENUM_CONVERSION = YES;
				CLANG_WARN_INT_CONVERSION = YES;
				CLANG_WARN__DUPLICATE_METHOD_MATCH = YES;
				"CODE_SIGN_IDENTITY[sdk=iphoneos*]" = "iPhone Developer";
				COPY_PHASE_STRIP = NO;
				GCC_C_LANGUAGE_STANDARD = gnu99;
				GCC_DYNAMIC_NO_PIC = NO;
				GCC_OPTIMIZATION_LEVEL = 0;
				GCC_PREPROCESSOR_DEFINITIONS = (
					"DEBUG=1",
					"$(inherited)",
				);
				GCC_SYMBOLS_PRIVATE_EXTERN = NO;
				GCC_WARN_ABOUT_RETURN_TYPE = YES;
				GCC_WARN_UNINITIALIZED_AUTOS = YES;
				GCC_WARN_UNUSED_VARIABLE = YES;
				IPHONEOS_DEPLOYMENT_TARGET = 6.1;
				ONLY_ACTIVE_ARCH = YES;
				SDKROOT = iphoneos;
			};
			name = Debug;
		};
		E91BD1791793118D00528812 /* Release */ = {
			isa = XCBuildConfiguration;
			buildSettings = {
				ALWAYS_SEARCH_USER_PATHS = NO;
				CLANG_CXX_LANGUAGE_STANDARD = "gnu++0x";
				CLANG_CXX_LIBRARY = "libc++";
				CLANG_ENABLE_OBJC_ARC = YES;
				CLANG_WARN_CONSTANT_CONVERSION = YES;
				CLANG_WARN_EMPTY_BODY = YES;
				CLANG_WARN_ENUM_CONVERSION = YES;
				CLANG_WARN_INT_CONVERSION = YES;
				CLANG_WARN__DUPLICATE_METHOD_MATCH = YES;
				"CODE_SIGN_IDENTITY[sdk=iphoneos*]" = "iPhone Developer";
				COPY_PHASE_STRIP = YES;
				GCC_C_LANGUAGE_STANDARD = gnu99;
				GCC_WARN_ABOUT_RETURN_TYPE = YES;
				GCC_WARN_UNINITIALIZED_AUTOS = YES;
				GCC_WARN_UNUSED_VARIABLE = YES;
				IPHONEOS_DEPLOYMENT_TARGET = 6.1;
				OTHER_CFLAGS = "-DNS_BLOCK_ASSERTIONS=1";
				SDKROOT = iphoneos;
				VALIDATE_PRODUCT = YES;
			};
			name = Release;
		};
		E91BD17B1793118D00528812 /* Debug */ = {
			isa = XCBuildConfiguration;
			buildSettings = {
				GCC_PRECOMPILE_PREFIX_HEADER = YES;
				GCC_PREFIX_HEADER = "Sample1/Sample1-Prefix.pch";
				INFOPLIST_FILE = "Sample1/Sample1-Info.plist";
				PRODUCT_NAME = "$(TARGET_NAME)";
				WRAPPER_EXTENSION = app;
			};
			name = Debug;
		};
		E91BD17C1793118D00528812 /* Release */ = {
			isa = XCBuildConfiguration;
			buildSettings = {
				GCC_PRECOMPILE_PREFIX_HEADER = YES;
				GCC_PREFIX_HEADER = "Sample1/Sample1-Prefix.pch";
				INFOPLIST_FILE = "Sample1/Sample1-Info.plist";
				PRODUCT_NAME = "$(TARGET_NAME)";
				WRAPPER_EXTENSION = app;
			};
			name = Release;
		};
/* End XCBuildConfiguration section */

/* Begin XCConfigurationList section */
		E91BD1581793118D00528812 /* Build configuration list for PBXProject "Sample1" */ = {
			isa = XCConfigurationList;
			buildConfigurations = (
				E91BD1781793118D00528812 /* Debug */,
				E91BD1791793118D00528812 /* Release */,
			);
			defaultConfigurationIsVisible = 0;
			defaultConfigurationName = Release;
		};
		E91BD17A1793118D00528812 /* Build configuration list for PBXNativeTarget "Sample1" */ = {
			isa = XCConfigurationList;
			buildConfigurations = (
				E91BD17B1793118D00528812 /* Debug */,
				E91BD17C1793118D00528812 /* Release */,
			);
			defaultConfigurationIsVisible = 0;
		};
/* End XCConfigurationList section */
	};
	rootObject = E91BD1551793118D00528812 /* Project object */;
}
